
Microsoft Visual Studio Solution File, Format Version 12.00
# Visual Studio Version 17
VisualStudioVersion = 17.0.32014.148
MinimumVisualStudioVersion = 10.0.40219.1
Project("{FAE04EC0-301F-11D3-BF4B-00C04F79EFBC}") = "Raivo", "Raivo\Raivo.csproj", "{A272F614-C61E-42C4-8881-0DC14853E8BE}"
EndProject
Global
	GlobalSection(SolutionConfigurationPlatforms) = preSolution
		Debug|Any CPU = Debug|Any CPU
		Release|Any CPU = Release|Any CPU
	EndGlobalSection
	GlobalSection(ProjectConfigurationPlatforms) = postSolution
		{A272F614-C61E-42C4-8881-0DC14853E8BE}.Debug|Any CPU.ActiveCfg = Debug|Any CPU
		{A272F614-C61E-42C4-8881-0DC14853E8BE}.Debug|Any CPU.Build.0 = Debug|Any CPU
		{A272F614-C61E-42C4-8881-0DC14853E8BE}.Release|Any CPU.ActiveCfg = Release|Any CPU
		{A272F614-C61E-42C4-8881-0DC14853E8BE}.Release|Any CPU.Build.0 = Release|Any CPU
	EndGlobalSection
	GlobalSection(SolutionProperties) = preSolution
		HideSolutionNode = FALSE
	EndGlobalSection
	GlobalSection(ExtensibilityGlobals) = postSolution
		SolutionGuid = {505D193A-BFEC-42BB-B620-22E379EBC35F}
	EndGlobalSection
EndGlobal
